// !$*UTF8*$!
{
	archiveVersion = 1;
	classes = {
	};
	objectVersion = 56;
	objects = {

/* Begin PBXBuildFile section */
		394B9CB5474D322D270E5C7A /* Pods_SamplesAppTests.framework in Frameworks */ = {isa = PBXBuildFile; fileRef = 6FF90E130C5D019EABE9E133 /* Pods_SamplesAppTests.framework */; };
		AB9C1500127DFEC44152FE5C /* Pods_SamplesApp.framework in Frameworks */ = {isa = PBXBuildFile; fileRef = D9160C64D0A938B9CBCBB094 /* Pods_SamplesApp.framework */; };
		C2332991E050593B672BECD4 /* Pods_SamplesApp_SamplesAppUITests.framework in Frameworks */ = {isa = PBXBuildFile; fileRef = ED39D972EDD6CE4A421A2B15 /* Pods_SamplesApp_SamplesAppUITests.framework */; };
		F8629B7A293279EC000F6B53 /* ViewModel.swift in Sources */ = {isa = PBXBuildFile; fileRef = F8629B79293279EB000F6B53 /* ViewModel.swift */; };
		F8629B7C29327A26000F6B53 /* ViewModelTests.swift in Sources */ = {isa = PBXBuildFile; fileRef = F8629B7B29327A26000F6B53 /* ViewModelTests.swift */; };
		F890F2CE29320C7800B9F35C /* AppDelegate.swift in Sources */ = {isa = PBXBuildFile; fileRef = F890F2CD29320C7800B9F35C /* AppDelegate.swift */; };
		F890F2D029320C7800B9F35C /* SceneDelegate.swift in Sources */ = {isa = PBXBuildFile; fileRef = F890F2CF29320C7800B9F35C /* SceneDelegate.swift */; };
		F890F2D229320C7800B9F35C /* ViewController.swift in Sources */ = {isa = PBXBuildFile; fileRef = F890F2D129320C7800B9F35C /* ViewController.swift */; };
		F890F2D529320C7800B9F35C /* Main.storyboard in Resources */ = {isa = PBXBuildFile; fileRef = F890F2D329320C7800B9F35C /* Main.storyboard */; };
		F890F2D729320C7A00B9F35C /* Assets.xcassets in Resources */ = {isa = PBXBuildFile; fileRef = F890F2D629320C7A00B9F35C /* Assets.xcassets */; };
		F890F2DA29320C7A00B9F35C /* LaunchScreen.storyboard in Resources */ = {isa = PBXBuildFile; fileRef = F890F2D829320C7A00B9F35C /* LaunchScreen.storyboard */; };
		F890F2EF29320C7B00B9F35C /* SamplesAppUITests.swift in Sources */ = {isa = PBXBuildFile; fileRef = F890F2EE29320C7B00B9F35C /* SamplesAppUITests.swift */; };
		F890F2F129320C7B00B9F35C /* SamplesAppUITestsLaunchTests.swift in Sources */ = {isa = PBXBuildFile; fileRef = F890F2F029320C7B00B9F35C /* SamplesAppUITestsLaunchTests.swift */; };
/* End PBXBuildFile section */

/* Begin PBXContainerItemProxy section */
		F890F2E129320C7B00B9F35C /* PBXContainerItemProxy */ = {
			isa = PBXContainerItemProxy;
			containerPortal = F890F2C229320C7800B9F35C /* Project object */;
			proxyType = 1;
			remoteGlobalIDString = F890F2C929320C7800B9F35C;
			remoteInfo = SamplesApp;
		};
		F890F2EB29320C7B00B9F35C /* PBXContainerItemProxy */ = {
			isa = PBXContainerItemProxy;
			containerPortal = F890F2C229320C7800B9F35C /* Project object */;
			proxyType = 1;
			remoteGlobalIDString = F890F2C929320C7800B9F35C;
			remoteInfo = SamplesApp;
		};
/* End PBXContainerItemProxy section */

/* Begin PBXFileReference section */
		1094387BE5CE0AB521C4172B /* Pods-SamplesAppTests.debug.xcconfig */ = {isa = PBXFileReference; includeInIndex = 1; lastKnownFileType = text.xcconfig; name = "Pods-SamplesAppTests.debug.xcconfig"; path = "Target Support Files/Pods-SamplesAppTests/Pods-SamplesAppTests.debug.xcconfig"; sourceTree = "<group>"; };
		1D61B76332E2D3C1D09830FC /* Pods-SamplesApp.uat.xcconfig */ = {isa = PBXFileReference; includeInIndex = 1; lastKnownFileType = text.xcconfig; name = "Pods-SamplesApp.uat.xcconfig"; path = "Target Support Files/Pods-SamplesApp/Pods-SamplesApp.uat.xcconfig"; sourceTree = "<group>"; };
		21F571DD221E6658E0AB1153 /* Pods-SamplesApp-SamplesAppUITests.prod.xcconfig */ = {isa = PBXFileReference; includeInIndex = 1; lastKnownFileType = text.xcconfig; name = "Pods-SamplesApp-SamplesAppUITests.prod.xcconfig"; path = "Target Support Files/Pods-SamplesApp-SamplesAppUITests/Pods-SamplesApp-SamplesAppUITests.prod.xcconfig"; sourceTree = "<group>"; };
		24A1FC0AC87B5ECEAF7D926F /* Pods-SamplesApp.sit.xcconfig */ = {isa = PBXFileReference; includeInIndex = 1; lastKnownFileType = text.xcconfig; name = "Pods-SamplesApp.sit.xcconfig"; path = "Target Support Files/Pods-SamplesApp/Pods-SamplesApp.sit.xcconfig"; sourceTree = "<group>"; };
		548A9D0CB49FD863C1BA7FC4 /* Pods-SamplesAppTests.sit.xcconfig */ = {isa = PBXFileReference; includeInIndex = 1; lastKnownFileType = text.xcconfig; name = "Pods-SamplesAppTests.sit.xcconfig"; path = "Target Support Files/Pods-SamplesAppTests/Pods-SamplesAppTests.sit.xcconfig"; sourceTree = "<group>"; };
		56F1265A5EEDDF8B86CB432E /* Pods-SamplesApp-SamplesAppUITests.uat.xcconfig */ = {isa = PBXFileReference; includeInIndex = 1; lastKnownFileType = text.xcconfig; name = "Pods-SamplesApp-SamplesAppUITests.uat.xcconfig"; path = "Target Support Files/Pods-SamplesApp-SamplesAppUITests/Pods-SamplesApp-SamplesAppUITests.uat.xcconfig"; sourceTree = "<group>"; };
		6FF90E130C5D019EABE9E133 /* Pods_SamplesAppTests.framework */ = {isa = PBXFileReference; explicitFileType = wrapper.framework; includeInIndex = 0; path = Pods_SamplesAppTests.framework; sourceTree = BUILT_PRODUCTS_DIR; };
		77C8E2F58303E6319A6B8038 /* Pods-SamplesApp.release.xcconfig */ = {isa = PBXFileReference; includeInIndex = 1; lastKnownFileType = text.xcconfig; name = "Pods-SamplesApp.release.xcconfig"; path = "Target Support Files/Pods-SamplesApp/Pods-SamplesApp.release.xcconfig"; sourceTree = "<group>"; };
		780782EC1DA2EBA8E21E57EF /* Pods-SamplesAppTests.prod.xcconfig */ = {isa = PBXFileReference; includeInIndex = 1; lastKnownFileType = text.xcconfig; name = "Pods-SamplesAppTests.prod.xcconfig"; path = "Target Support Files/Pods-SamplesAppTests/Pods-SamplesAppTests.prod.xcconfig"; sourceTree = "<group>"; };
		7CF0535F4F93C74B4E383802 /* Pods-SamplesAppTests.release.xcconfig */ = {isa = PBXFileReference; includeInIndex = 1; lastKnownFileType = text.xcconfig; name = "Pods-SamplesAppTests.release.xcconfig"; path = "Target Support Files/Pods-SamplesAppTests/Pods-SamplesAppTests.release.xcconfig"; sourceTree = "<group>"; };
		B02495F19857D54618463B4E /* Pods-SamplesApp.prod.xcconfig */ = {isa = PBXFileReference; includeInIndex = 1; lastKnownFileType = text.xcconfig; name = "Pods-SamplesApp.prod.xcconfig"; path = "Target Support Files/Pods-SamplesApp/Pods-SamplesApp.prod.xcconfig"; sourceTree = "<group>"; };
		B188B5D0B681F64C0EFBE82F /* Pods-SamplesAppTests.uat.xcconfig */ = {isa = PBXFileReference; includeInIndex = 1; lastKnownFileType = text.xcconfig; name = "Pods-SamplesAppTests.uat.xcconfig"; path = "Target Support Files/Pods-SamplesAppTests/Pods-SamplesAppTests.uat.xcconfig"; sourceTree = "<group>"; };
		B458995124593AC102A6D6E2 /* Pods-SamplesApp-SamplesAppUITests.sit.xcconfig */ = {isa = PBXFileReference; includeInIndex = 1; lastKnownFileType = text.xcconfig; name = "Pods-SamplesApp-SamplesAppUITests.sit.xcconfig"; path = "Target Support Files/Pods-SamplesApp-SamplesAppUITests/Pods-SamplesApp-SamplesAppUITests.sit.xcconfig"; sourceTree = "<group>"; };
		BA7C35B65D477970F3ADA376 /* Pods-SamplesApp-SamplesAppUITests.release.xcconfig */ = {isa = PBXFileReference; includeInIndex = 1; lastKnownFileType = text.xcconfig; name = "Pods-SamplesApp-SamplesAppUITests.release.xcconfig"; path = "Target Support Files/Pods-SamplesApp-SamplesAppUITests/Pods-SamplesApp-SamplesAppUITests.release.xcconfig"; sourceTree = "<group>"; };
		D21FB2CDEAA38710D9F219C2 /* Pods-SamplesApp.debug.xcconfig */ = {isa = PBXFileReference; includeInIndex = 1; lastKnownFileType = text.xcconfig; name = "Pods-SamplesApp.debug.xcconfig"; path = "Target Support Files/Pods-SamplesApp/Pods-SamplesApp.debug.xcconfig"; sourceTree = "<group>"; };
		D9160C64D0A938B9CBCBB094 /* Pods_SamplesApp.framework */ = {isa = PBXFileReference; explicitFileType = wrapper.framework; includeInIndex = 0; path = Pods_SamplesApp.framework; sourceTree = BUILT_PRODUCTS_DIR; };
		DB39B7C91C43FADCF1237FF5 /* Pods-SamplesApp-SamplesAppUITests.debug.xcconfig */ = {isa = PBXFileReference; includeInIndex = 1; lastKnownFileType = text.xcconfig; name = "Pods-SamplesApp-SamplesAppUITests.debug.xcconfig"; path = "Target Support Files/Pods-SamplesApp-SamplesAppUITests/Pods-SamplesApp-SamplesAppUITests.debug.xcconfig"; sourceTree = "<group>"; };
		ED39D972EDD6CE4A421A2B15 /* Pods_SamplesApp_SamplesAppUITests.framework */ = {isa = PBXFileReference; explicitFileType = wrapper.framework; includeInIndex = 0; path = Pods_SamplesApp_SamplesAppUITests.framework; sourceTree = BUILT_PRODUCTS_DIR; };
		F8629B79293279EB000F6B53 /* ViewModel.swift */ = {isa = PBXFileReference; lastKnownFileType = sourcecode.swift; path = ViewModel.swift; sourceTree = "<group>"; };
		F8629B7B29327A26000F6B53 /* ViewModelTests.swift */ = {isa = PBXFileReference; lastKnownFileType = sourcecode.swift; path = ViewModelTests.swift; sourceTree = "<group>"; };
		F890F2CA29320C7800B9F35C /* SamplesApp.app */ = {isa = PBXFileReference; explicitFileType = wrapper.application; includeInIndex = 0; path = SamplesApp.app; sourceTree = BUILT_PRODUCTS_DIR; };
		F890F2CD29320C7800B9F35C /* AppDelegate.swift */ = {isa = PBXFileReference; lastKnownFileType = sourcecode.swift; path = AppDelegate.swift; sourceTree = "<group>"; };
		F890F2CF29320C7800B9F35C /* SceneDelegate.swift */ = {isa = PBXFileReference; lastKnownFileType = sourcecode.swift; path = SceneDelegate.swift; sourceTree = "<group>"; };
		F890F2D129320C7800B9F35C /* ViewController.swift */ = {isa = PBXFileReference; lastKnownFileType = sourcecode.swift; path = ViewController.swift; sourceTree = "<group>"; };
		F890F2D429320C7800B9F35C /* Base */ = {isa = PBXFileReference; lastKnownFileType = file.storyboard; name = Base; path = Base.lproj/Main.storyboard; sourceTree = "<group>"; };
		F890F2D629320C7A00B9F35C /* Assets.xcassets */ = {isa = PBXFileReference; lastKnownFileType = folder.assetcatalog; path = Assets.xcassets; sourceTree = "<group>"; };
		F890F2D929320C7A00B9F35C /* Base */ = {isa = PBXFileReference; lastKnownFileType = file.storyboard; name = Base; path = Base.lproj/LaunchScreen.storyboard; sourceTree = "<group>"; };
		F890F2DB29320C7A00B9F35C /* Info.plist */ = {isa = PBXFileReference; lastKnownFileType = text.plist.xml; path = Info.plist; sourceTree = "<group>"; };
		F890F2E029320C7B00B9F35C /* SamplesAppTests.xctest */ = {isa = PBXFileReference; explicitFileType = wrapper.cfbundle; includeInIndex = 0; path = SamplesAppTests.xctest; sourceTree = BUILT_PRODUCTS_DIR; };
		F890F2EA29320C7B00B9F35C /* SamplesAppUITests.xctest */ = {isa = PBXFileReference; explicitFileType = wrapper.cfbundle; includeInIndex = 0; path = SamplesAppUITests.xctest; sourceTree = BUILT_PRODUCTS_DIR; };
		F890F2EE29320C7B00B9F35C /* SamplesAppUITests.swift */ = {isa = PBXFileReference; lastKnownFileType = sourcecode.swift; path = SamplesAppUITests.swift; sourceTree = "<group>"; };
		F890F2F029320C7B00B9F35C /* SamplesAppUITestsLaunchTests.swift */ = {isa = PBXFileReference; lastKnownFileType = sourcecode.swift; path = SamplesAppUITestsLaunchTests.swift; sourceTree = "<group>"; };
		F890F2FD29320DA200B9F35C /* Sit.xcconfig */ = {isa = PBXFileReference; lastKnownFileType = text.xcconfig; path = Sit.xcconfig; sourceTree = "<group>"; };
		F890F30029320DD600B9F35C /* Prod.xcconfig */ = {isa = PBXFileReference; lastKnownFileType = text.xcconfig; path = Prod.xcconfig; sourceTree = "<group>"; };
		F890F30129320DF600B9F35C /* Uat.xcconfig */ = {isa = PBXFileReference; lastKnownFileType = text.xcconfig; path = Uat.xcconfig; sourceTree = "<group>"; };
/* End PBXFileReference section */

/* Begin PBXFrameworksBuildPhase section */
		F890F2C729320C7800B9F35C /* Frameworks */ = {
			isa = PBXFrameworksBuildPhase;
			buildActionMask = 2147483647;
			files = (
				AB9C1500127DFEC44152FE5C /* Pods_SamplesApp.framework in Frameworks */,
			);
			runOnlyForDeploymentPostprocessing = 0;
		};
		F890F2DD29320C7B00B9F35C /* Frameworks */ = {
			isa = PBXFrameworksBuildPhase;
			buildActionMask = 2147483647;
			files = (
				394B9CB5474D322D270E5C7A /* Pods_SamplesAppTests.framework in Frameworks */,
			);
			runOnlyForDeploymentPostprocessing = 0;
		};
		F890F2E729320C7B00B9F35C /* Frameworks */ = {
			isa = PBXFrameworksBuildPhase;
			buildActionMask = 2147483647;
			files = (
				C2332991E050593B672BECD4 /* Pods_SamplesApp_SamplesAppUITests.framework in Frameworks */,
			);
			runOnlyForDeploymentPostprocessing = 0;
		};
/* End PBXFrameworksBuildPhase section */

/* Begin PBXGroup section */
		7BF3BB0D2CC59280FF5672BE /* Pods */ = {
			isa = PBXGroup;
			children = (
				D21FB2CDEAA38710D9F219C2 /* Pods-SamplesApp.debug.xcconfig */,
				77C8E2F58303E6319A6B8038 /* Pods-SamplesApp.release.xcconfig */,
				DB39B7C91C43FADCF1237FF5 /* Pods-SamplesApp-SamplesAppUITests.debug.xcconfig */,
				BA7C35B65D477970F3ADA376 /* Pods-SamplesApp-SamplesAppUITests.release.xcconfig */,
				1094387BE5CE0AB521C4172B /* Pods-SamplesAppTests.debug.xcconfig */,
				7CF0535F4F93C74B4E383802 /* Pods-SamplesAppTests.release.xcconfig */,
				24A1FC0AC87B5ECEAF7D926F /* Pods-SamplesApp.sit.xcconfig */,
				1D61B76332E2D3C1D09830FC /* Pods-SamplesApp.uat.xcconfig */,
				B02495F19857D54618463B4E /* Pods-SamplesApp.prod.xcconfig */,
				B458995124593AC102A6D6E2 /* Pods-SamplesApp-SamplesAppUITests.sit.xcconfig */,
				56F1265A5EEDDF8B86CB432E /* Pods-SamplesApp-SamplesAppUITests.uat.xcconfig */,
				21F571DD221E6658E0AB1153 /* Pods-SamplesApp-SamplesAppUITests.prod.xcconfig */,
				548A9D0CB49FD863C1BA7FC4 /* Pods-SamplesAppTests.sit.xcconfig */,
				B188B5D0B681F64C0EFBE82F /* Pods-SamplesAppTests.uat.xcconfig */,
				780782EC1DA2EBA8E21E57EF /* Pods-SamplesAppTests.prod.xcconfig */,
			);
			path = Pods;
			sourceTree = "<group>";
		};
		F5365B99974EEE7EE3AFF2BD /* Frameworks */ = {
			isa = PBXGroup;
			children = (
				D9160C64D0A938B9CBCBB094 /* Pods_SamplesApp.framework */,
				ED39D972EDD6CE4A421A2B15 /* Pods_SamplesApp_SamplesAppUITests.framework */,
				6FF90E130C5D019EABE9E133 /* Pods_SamplesAppTests.framework */,
			);
			name = Frameworks;
			sourceTree = "<group>";
		};
		F890F2C129320C7800B9F35C = {
			isa = PBXGroup;
			children = (
				F890F2CC29320C7800B9F35C /* SamplesApp */,
				F890F2E329320C7B00B9F35C /* SamplesAppTests */,
				F890F2ED29320C7B00B9F35C /* SamplesAppUITests */,
				F890F2CB29320C7800B9F35C /* Products */,
				7BF3BB0D2CC59280FF5672BE /* Pods */,
				F5365B99974EEE7EE3AFF2BD /* Frameworks */,
			);
			sourceTree = "<group>";
		};
		F890F2CB29320C7800B9F35C /* Products */ = {
			isa = PBXGroup;
			children = (
				F890F2CA29320C7800B9F35C /* SamplesApp.app */,
				F890F2E029320C7B00B9F35C /* SamplesAppTests.xctest */,
				F890F2EA29320C7B00B9F35C /* SamplesAppUITests.xctest */,
			);
			name = Products;
			sourceTree = "<group>";
		};
		F890F2CC29320C7800B9F35C /* SamplesApp */ = {
			isa = PBXGroup;
			children = (
				F890F2FE29320DB000B9F35C /* Configuration */,
				F890F2CD29320C7800B9F35C /* AppDelegate.swift */,
				F890F2CF29320C7800B9F35C /* SceneDelegate.swift */,
				F890F2D129320C7800B9F35C /* ViewController.swift */,
				F8629B79293279EB000F6B53 /* ViewModel.swift */,
				F890F2D329320C7800B9F35C /* Main.storyboard */,
				F890F2D629320C7A00B9F35C /* Assets.xcassets */,
				F890F2D829320C7A00B9F35C /* LaunchScreen.storyboard */,
				F890F2DB29320C7A00B9F35C /* Info.plist */,
			);
			path = SamplesApp;
			sourceTree = "<group>";
		};
		F890F2E329320C7B00B9F35C /* SamplesAppTests */ = {
			isa = PBXGroup;
			children = (
				F8629B7B29327A26000F6B53 /* ViewModelTests.swift */,
			);
			path = SamplesAppTests;
			sourceTree = "<group>";
		};
		F890F2ED29320C7B00B9F35C /* SamplesAppUITests */ = {
			isa = PBXGroup;
			children = (
				F890F2EE29320C7B00B9F35C /* SamplesAppUITests.swift */,
				F890F2F029320C7B00B9F35C /* SamplesAppUITestsLaunchTests.swift */,
			);
			path = SamplesAppUITests;
			sourceTree = "<group>";
		};
		F890F2FE29320DB000B9F35C /* Configuration */ = {
			isa = PBXGroup;
			children = (
				F890F2FD29320DA200B9F35C /* Sit.xcconfig */,
				F890F30129320DF600B9F35C /* Uat.xcconfig */,
				F890F30029320DD600B9F35C /* Prod.xcconfig */,
			);
			path = Configuration;
			sourceTree = "<group>";
		};
/* End PBXGroup section */

/* Begin PBXNativeTarget section */
		F890F2C929320C7800B9F35C /* SamplesApp */ = {
			isa = PBXNativeTarget;
			buildConfigurationList = F890F2F429320C7B00B9F35C /* Build configuration list for PBXNativeTarget "SamplesApp" */;
			buildPhases = (
				43C6767B07AD6BB760569954 /* [CP] Check Pods Manifest.lock */,
				F890F2C629320C7800B9F35C /* Sources */,
				F890F2C729320C7800B9F35C /* Frameworks */,
				F890F2C829320C7800B9F35C /* Resources */,
				25F967E0A440E48925FA53B9 /* [CP] Embed Pods Frameworks */,
				F8629B81293319CF000F6B53 /* Swiftlint */,
			);
			buildRules = (
			);
			dependencies = (
			);
			name = SamplesApp;
			productName = SamplesApp;
			productReference = F890F2CA29320C7800B9F35C /* SamplesApp.app */;
			productType = "com.apple.product-type.application";
		};
		F890F2DF29320C7B00B9F35C /* SamplesAppTests */ = {
			isa = PBXNativeTarget;
			buildConfigurationList = F890F2F729320C7B00B9F35C /* Build configuration list for PBXNativeTarget "SamplesAppTests" */;
			buildPhases = (
				55ADE7B53344F4B8B5B3731B /* [CP] Check Pods Manifest.lock */,
				F890F2DC29320C7B00B9F35C /* Sources */,
				F890F2DD29320C7B00B9F35C /* Frameworks */,
				F890F2DE29320C7B00B9F35C /* Resources */,
			);
			buildRules = (
			);
			dependencies = (
				F890F2E229320C7B00B9F35C /* PBXTargetDependency */,
			);
			name = SamplesAppTests;
			productName = SamplesAppTests;
			productReference = F890F2E029320C7B00B9F35C /* SamplesAppTests.xctest */;
			productType = "com.apple.product-type.bundle.unit-test";
		};
		F890F2E929320C7B00B9F35C /* SamplesAppUITests */ = {
			isa = PBXNativeTarget;
			buildConfigurationList = F890F2FA29320C7B00B9F35C /* Build configuration list for PBXNativeTarget "SamplesAppUITests" */;
			buildPhases = (
				86809752FD6CE83B0B37F40A /* [CP] Check Pods Manifest.lock */,
				F890F2E629320C7B00B9F35C /* Sources */,
				F890F2E729320C7B00B9F35C /* Frameworks */,
				F890F2E829320C7B00B9F35C /* Resources */,
				FEC49AD42C0BE158016992E0 /* [CP] Embed Pods Frameworks */,
			);
			buildRules = (
			);
			dependencies = (
				F890F2EC29320C7B00B9F35C /* PBXTargetDependency */,
			);
			name = SamplesAppUITests;
			productName = SamplesAppUITests;
			productReference = F890F2EA29320C7B00B9F35C /* SamplesAppUITests.xctest */;
			productType = "com.apple.product-type.bundle.ui-testing";
		};
/* End PBXNativeTarget section */

/* Begin PBXProject section */
		F890F2C229320C7800B9F35C /* Project object */ = {
			isa = PBXProject;
			attributes = {
				BuildIndependentTargetsInParallel = 1;
				LastSwiftUpdateCheck = 1410;
				LastUpgradeCheck = 1410;
				TargetAttributes = {
					F890F2C929320C7800B9F35C = {
						CreatedOnToolsVersion = 14.1;
					};
					F890F2DF29320C7B00B9F35C = {
						CreatedOnToolsVersion = 14.1;
						TestTargetID = F890F2C929320C7800B9F35C;
					};
					F890F2E929320C7B00B9F35C = {
						CreatedOnToolsVersion = 14.1;
						TestTargetID = F890F2C929320C7800B9F35C;
					};
				};
			};
			buildConfigurationList = F890F2C529320C7800B9F35C /* Build configuration list for PBXProject "SamplesApp" */;
			compatibilityVersion = "Xcode 14.0";
			developmentRegion = en;
			hasScannedForEncodings = 0;
			knownRegions = (
				en,
				Base,
			);
			mainGroup = F890F2C129320C7800B9F35C;
			productRefGroup = F890F2CB29320C7800B9F35C /* Products */;
			projectDirPath = "";
			projectRoot = "";
			targets = (
				F890F2C929320C7800B9F35C /* SamplesApp */,
				F890F2DF29320C7B00B9F35C /* SamplesAppTests */,
				F890F2E929320C7B00B9F35C /* SamplesAppUITests */,
			);
		};
/* End PBXProject section */

/* Begin PBXResourcesBuildPhase section */
		F890F2C829320C7800B9F35C /* Resources */ = {
			isa = PBXResourcesBuildPhase;
			buildActionMask = 2147483647;
			files = (
				F890F2DA29320C7A00B9F35C /* LaunchScreen.storyboard in Resources */,
				F890F2D729320C7A00B9F35C /* Assets.xcassets in Resources */,
				F890F2D529320C7800B9F35C /* Main.storyboard in Resources */,
			);
			runOnlyForDeploymentPostprocessing = 0;
		};
		F890F2DE29320C7B00B9F35C /* Resources */ = {
			isa = PBXResourcesBuildPhase;
			buildActionMask = 2147483647;
			files = (
			);
			runOnlyForDeploymentPostprocessing = 0;
		};
		F890F2E829320C7B00B9F35C /* Resources */ = {
			isa = PBXResourcesBuildPhase;
			buildActionMask = 2147483647;
			files = (
			);
			runOnlyForDeploymentPostprocessing = 0;
		};
/* End PBXResourcesBuildPhase section */

/* Begin PBXShellScriptBuildPhase section */
		25F967E0A440E48925FA53B9 /* [CP] Embed Pods Frameworks */ = {
			isa = PBXShellScriptBuildPhase;
			buildActionMask = 2147483647;
			files = (
			);
			inputFileListPaths = (
				"${PODS_ROOT}/Target Support Files/Pods-SamplesApp/Pods-SamplesApp-frameworks-${CONFIGURATION}-input-files.xcfilelist",
			);
			name = "[CP] Embed Pods Frameworks";
			outputFileListPaths = (
				"${PODS_ROOT}/Target Support Files/Pods-SamplesApp/Pods-SamplesApp-frameworks-${CONFIGURATION}-output-files.xcfilelist",
			);
			runOnlyForDeploymentPostprocessing = 0;
			shellPath = /bin/sh;
			shellScript = "\"${PODS_ROOT}/Target Support Files/Pods-SamplesApp/Pods-SamplesApp-frameworks.sh\"\n";
			showEnvVarsInLog = 0;
		};
		43C6767B07AD6BB760569954 /* [CP] Check Pods Manifest.lock */ = {
			isa = PBXShellScriptBuildPhase;
			buildActionMask = 2147483647;
			files = (
			);
			inputFileListPaths = (
			);
			inputPaths = (
				"${PODS_PODFILE_DIR_PATH}/Podfile.lock",
				"${PODS_ROOT}/Manifest.lock",
			);
			name = "[CP] Check Pods Manifest.lock";
			outputFileListPaths = (
			);
			outputPaths = (
				"$(DERIVED_FILE_DIR)/Pods-SamplesApp-checkManifestLockResult.txt",
			);
			runOnlyForDeploymentPostprocessing = 0;
			shellPath = /bin/sh;
			shellScript = "diff \"${PODS_PODFILE_DIR_PATH}/Podfile.lock\" \"${PODS_ROOT}/Manifest.lock\" > /dev/null\nif [ $? != 0 ] ; then\n    # print error to STDERR\n    echo \"error: The sandbox is not in sync with the Podfile.lock. Run 'pod install' or update your CocoaPods installation.\" >&2\n    exit 1\nfi\n# This output is used by Xcode 'outputs' to avoid re-running this script phase.\necho \"SUCCESS\" > \"${SCRIPT_OUTPUT_FILE_0}\"\n";
			showEnvVarsInLog = 0;
		};
		55ADE7B53344F4B8B5B3731B /* [CP] Check Pods Manifest.lock */ = {
			isa = PBXShellScriptBuildPhase;
			buildActionMask = 2147483647;
			files = (
			);
			inputFileListPaths = (
			);
			inputPaths = (
				"${PODS_PODFILE_DIR_PATH}/Podfile.lock",
				"${PODS_ROOT}/Manifest.lock",
			);
			name = "[CP] Check Pods Manifest.lock";
			outputFileListPaths = (
			);
			outputPaths = (
				"$(DERIVED_FILE_DIR)/Pods-SamplesAppTests-checkManifestLockResult.txt",
			);
			runOnlyForDeploymentPostprocessing = 0;
			shellPath = /bin/sh;
			shellScript = "diff \"${PODS_PODFILE_DIR_PATH}/Podfile.lock\" \"${PODS_ROOT}/Manifest.lock\" > /dev/null\nif [ $? != 0 ] ; then\n    # print error to STDERR\n    echo \"error: The sandbox is not in sync with the Podfile.lock. Run 'pod install' or update your CocoaPods installation.\" >&2\n    exit 1\nfi\n# This output is used by Xcode 'outputs' to avoid re-running this script phase.\necho \"SUCCESS\" > \"${SCRIPT_OUTPUT_FILE_0}\"\n";
			showEnvVarsInLog = 0;
		};
		86809752FD6CE83B0B37F40A /* [CP] Check Pods Manifest.lock */ = {
			isa = PBXShellScriptBuildPhase;
			buildActionMask = 2147483647;
			files = (
			);
			inputFileListPaths = (
			);
			inputPaths = (
				"${PODS_PODFILE_DIR_PATH}/Podfile.lock",
				"${PODS_ROOT}/Manifest.lock",
			);
			name = "[CP] Check Pods Manifest.lock";
			outputFileListPaths = (
			);
			outputPaths = (
				"$(DERIVED_FILE_DIR)/Pods-SamplesApp-SamplesAppUITests-checkManifestLockResult.txt",
			);
			runOnlyForDeploymentPostprocessing = 0;
			shellPath = /bin/sh;
			shellScript = "diff \"${PODS_PODFILE_DIR_PATH}/Podfile.lock\" \"${PODS_ROOT}/Manifest.lock\" > /dev/null\nif [ $? != 0 ] ; then\n    # print error to STDERR\n    echo \"error: The sandbox is not in sync with the Podfile.lock. Run 'pod install' or update your CocoaPods installation.\" >&2\n    exit 1\nfi\n# This output is used by Xcode 'outputs' to avoid re-running this script phase.\necho \"SUCCESS\" > \"${SCRIPT_OUTPUT_FILE_0}\"\n";
			showEnvVarsInLog = 0;
		};
		F8629B81293319CF000F6B53 /* Swiftlint */ = {
			isa = PBXShellScriptBuildPhase;
			buildActionMask = 2147483647;
			files = (
			);
			inputFileListPaths = (
			);
			inputPaths = (
			);
			name = Swiftlint;
			outputFileListPaths = (
			);
			outputPaths = (
			);
			runOnlyForDeploymentPostprocessing = 0;
			shellPath = /bin/sh;
			shellScript = "# Type a script or drag a script file from your workspace to insert its path.\nif [[ -f \"${PODS_ROOT}/SwiftLint/swiftlint\" ]]; then\n  ${PODS_ROOT}/SwiftLint/swiftlint\nelse\n  echo \"warning: swiftlint doesn't exist. Run ' pod install'\"\nfi\n";
		};
		FEC49AD42C0BE158016992E0 /* [CP] Embed Pods Frameworks */ = {
			isa = PBXShellScriptBuildPhase;
			buildActionMask = 2147483647;
			files = (
			);
			inputFileListPaths = (
				"${PODS_ROOT}/Target Support Files/Pods-SamplesApp-SamplesAppUITests/Pods-SamplesApp-SamplesAppUITests-frameworks-${CONFIGURATION}-input-files.xcfilelist",
			);
			name = "[CP] Embed Pods Frameworks";
			outputFileListPaths = (
				"${PODS_ROOT}/Target Support Files/Pods-SamplesApp-SamplesAppUITests/Pods-SamplesApp-SamplesAppUITests-frameworks-${CONFIGURATION}-output-files.xcfilelist",
			);
			runOnlyForDeploymentPostprocessing = 0;
			shellPath = /bin/sh;
			shellScript = "\"${PODS_ROOT}/Target Support Files/Pods-SamplesApp-SamplesAppUITests/Pods-SamplesApp-SamplesAppUITests-frameworks.sh\"\n";
			showEnvVarsInLog = 0;
		};
/* End PBXShellScriptBuildPhase section */

/* Begin PBXSourcesBuildPhase section */
		F890F2C629320C7800B9F35C /* Sources */ = {
			isa = PBXSourcesBuildPhase;
			buildActionMask = 2147483647;
			files = (
				F890F2D229320C7800B9F35C /* ViewController.swift in Sources */,
				F890F2CE29320C7800B9F35C /* AppDelegate.swift in Sources */,
				F8629B7A293279EC000F6B53 /* ViewModel.swift in Sources */,
				F890F2D029320C7800B9F35C /* SceneDelegate.swift in Sources */,
			);
			runOnlyForDeploymentPostprocessing = 0;
		};
		F890F2DC29320C7B00B9F35C /* Sources */ = {
			isa = PBXSourcesBuildPhase;
			buildActionMask = 2147483647;
			files = (
				F8629B7C29327A26000F6B53 /* ViewModelTests.swift in Sources */,
			);
			runOnlyForDeploymentPostprocessing = 0;
		};
		F890F2E629320C7B00B9F35C /* Sources */ = {
			isa = PBXSourcesBuildPhase;
			buildActionMask = 2147483647;
			files = (
				F890F2F129320C7B00B9F35C /* SamplesAppUITestsLaunchTests.swift in Sources */,
				F890F2EF29320C7B00B9F35C /* SamplesAppUITests.swift in Sources */,
			);
			runOnlyForDeploymentPostprocessing = 0;
		};
/* End PBXSourcesBuildPhase section */

/* Begin PBXTargetDependency section */
		F890F2E229320C7B00B9F35C /* PBXTargetDependency */ = {
			isa = PBXTargetDependency;
			target = F890F2C929320C7800B9F35C /* SamplesApp */;
			targetProxy = F890F2E129320C7B00B9F35C /* PBXContainerItemProxy */;
		};
		F890F2EC29320C7B00B9F35C /* PBXTargetDependency */ = {
			isa = PBXTargetDependency;
			target = F890F2C929320C7800B9F35C /* SamplesApp */;
			targetProxy = F890F2EB29320C7B00B9F35C /* PBXContainerItemProxy */;
		};
/* End PBXTargetDependency section */

/* Begin PBXVariantGroup section */
		F890F2D329320C7800B9F35C /* Main.storyboard */ = {
			isa = PBXVariantGroup;
			children = (
				F890F2D429320C7800B9F35C /* Base */,
			);
			name = Main.storyboard;
			sourceTree = "<group>";
		};
		F890F2D829320C7A00B9F35C /* LaunchScreen.storyboard */ = {
			isa = PBXVariantGroup;
			children = (
				F890F2D929320C7A00B9F35C /* Base */,
			);
			name = LaunchScreen.storyboard;
			sourceTree = "<group>";
		};
/* End PBXVariantGroup section */

/* Begin XCBuildConfiguration section */
		F890F3062932107A00B9F35C /* Sit */ = {
			isa = XCBuildConfiguration;
			buildSettings = {
				ALWAYS_SEARCH_USER_PATHS = NO;
				CLANG_ANALYZER_NONNULL = YES;
				CLANG_ANALYZER_NUMBER_OBJECT_CONVERSION = YES_AGGRESSIVE;
				CLANG_CXX_LANGUAGE_STANDARD = "gnu++20";
				CLANG_ENABLE_MODULES = YES;
				CLANG_ENABLE_OBJC_ARC = YES;
				CLANG_ENABLE_OBJC_WEAK = YES;
				CLANG_WARN_BLOCK_CAPTURE_AUTORELEASING = YES;
				CLANG_WARN_BOOL_CONVERSION = YES;
				CLANG_WARN_COMMA = YES;
				CLANG_WARN_CONSTANT_CONVERSION = YES;
				CLANG_WARN_DEPRECATED_OBJC_IMPLEMENTATIONS = YES;
				CLANG_WARN_DIRECT_OBJC_ISA_USAGE = YES_ERROR;
				CLANG_WARN_DOCUMENTATION_COMMENTS = YES;
				CLANG_WARN_EMPTY_BODY = YES;
				CLANG_WARN_ENUM_CONVERSION = YES;
				CLANG_WARN_INFINITE_RECURSION = YES;
				CLANG_WARN_INT_CONVERSION = YES;
				CLANG_WARN_NON_LITERAL_NULL_CONVERSION = YES;
				CLANG_WARN_OBJC_IMPLICIT_RETAIN_SELF = YES;
				CLANG_WARN_OBJC_LITERAL_CONVERSION = YES;
				CLANG_WARN_OBJC_ROOT_CLASS = YES_ERROR;
				CLANG_WARN_QUOTED_INCLUDE_IN_FRAMEWORK_HEADER = YES;
				CLANG_WARN_RANGE_LOOP_ANALYSIS = YES;
				CLANG_WARN_STRICT_PROTOTYPES = YES;
				CLANG_WARN_SUSPICIOUS_MOVE = YES;
				CLANG_WARN_UNGUARDED_AVAILABILITY = YES_AGGRESSIVE;
				CLANG_WARN_UNREACHABLE_CODE = YES;
				CLANG_WARN__DUPLICATE_METHOD_MATCH = YES;
				COPY_PHASE_STRIP = NO;
				DEBUG_INFORMATION_FORMAT = "dwarf-with-dsym";
				ENABLE_NS_ASSERTIONS = NO;
				ENABLE_STRICT_OBJC_MSGSEND = YES;
				GCC_C_LANGUAGE_STANDARD = gnu11;
				GCC_NO_COMMON_BLOCKS = YES;
				GCC_WARN_64_TO_32_BIT_CONVERSION = YES;
				GCC_WARN_ABOUT_RETURN_TYPE = YES_ERROR;
				GCC_WARN_UNDECLARED_SELECTOR = YES;
				GCC_WARN_UNINITIALIZED_AUTOS = YES_AGGRESSIVE;
				GCC_WARN_UNUSED_FUNCTION = YES;
				GCC_WARN_UNUSED_VARIABLE = YES;
				IPHONEOS_DEPLOYMENT_TARGET = 16.1;
				MTL_ENABLE_DEBUG_INFO = NO;
				MTL_FAST_MATH = YES;
				SDKROOT = iphoneos;
				SWIFT_COMPILATION_MODE = wholemodule;
				SWIFT_OPTIMIZATION_LEVEL = "-O";
				VALIDATE_PRODUCT = YES;
			};
			name = Sit;
		};
		F890F3072932107A00B9F35C /* Sit */ = {
			isa = XCBuildConfiguration;
			baseConfigurationReference = F890F2FD29320DA200B9F35C /* Sit.xcconfig */;
			buildSettings = {
				ASSETCATALOG_COMPILER_APPICON_NAME = AppIcon;
				ASSETCATALOG_COMPILER_GLOBAL_ACCENT_COLOR_NAME = AccentColor;
				CODE_SIGN_IDENTITY = "$(CODESIGNIDENTITY)";
				CODE_SIGN_STYLE = Manual;
				CURRENT_PROJECT_VERSION = 1;
				DEVELOPMENT_TEAM = "$(DEVELOPMENT_TEAM)";
				"DEVELOPMENT_TEAM[sdk=iphoneos*]" = Z7CS86CU9Z;
				ENABLE_TESTABILITY = YES;
				GENERATE_INFOPLIST_FILE = YES;
				INFOPLIST_FILE = SamplesApp/Info.plist;
				INFOPLIST_KEY_CFBundleDisplayName = RenjunPhoto;
				INFOPLIST_KEY_UIApplicationSupportsIndirectInputEvents = YES;
				INFOPLIST_KEY_UILaunchStoryboardName = LaunchScreen;
				INFOPLIST_KEY_UIMainStoryboardFile = Main;
				INFOPLIST_KEY_UISupportedInterfaceOrientations_iPad = "UIInterfaceOrientationPortrait UIInterfaceOrientationPortraitUpsideDown UIInterfaceOrientationLandscapeLeft UIInterfaceOrientationLandscapeRight";
				INFOPLIST_KEY_UISupportedInterfaceOrientations_iPhone = "UIInterfaceOrientationPortrait UIInterfaceOrientationLandscapeLeft UIInterfaceOrientationLandscapeRight";
				LD_RUNPATH_SEARCH_PATHS = (
					"$(inherited)",
					"@executable_path/Frameworks",
				);
				MARKETING_VERSION = 1.0;
				PRODUCT_BUNDLE_IDENTIFIER = com.renjun.photo;
				PRODUCT_NAME = "$(TARGET_NAME)";
				PROVISIONING_PROFILE_SPECIFIER = "";
				"PROVISIONING_PROFILE_SPECIFIER[sdk=iphoneos*]" = "$(PROVISIONINGPROFILESPECIFIER)";
				SWIFT_EMIT_LOC_STRINGS = YES;
				SWIFT_VERSION = 5.0;
				TARGETED_DEVICE_FAMILY = "1,2";
			};
			name = Sit;
		};
		F890F3082932107A00B9F35C /* Sit */ = {
			isa = XCBuildConfiguration;
			baseConfigurationReference = 548A9D0CB49FD863C1BA7FC4 /* Pods-SamplesAppTests.sit.xcconfig */;
			buildSettings = {
				ALWAYS_EMBED_SWIFT_STANDARD_LIBRARIES = YES;
				BUNDLE_LOADER = "$(TEST_HOST)";
				CODE_SIGN_STYLE = Automatic;
				CURRENT_PROJECT_VERSION = 1;
				GENERATE_INFOPLIST_FILE = YES;
				IPHONEOS_DEPLOYMENT_TARGET = 16.1;
				MARKETING_VERSION = 1.0;
				PRODUCT_BUNDLE_IDENTIFIER = com.renjun.photoall.SamplesAppTests;
				PRODUCT_NAME = "$(TARGET_NAME)";
				SWIFT_EMIT_LOC_STRINGS = NO;
				SWIFT_VERSION = 5.0;
				TARGETED_DEVICE_FAMILY = "1,2";
				TEST_HOST = "$(BUILT_PRODUCTS_DIR)/SamplesApp.app/$(BUNDLE_EXECUTABLE_FOLDER_PATH)/SamplesApp";
			};
			name = Sit;
		};
		F890F3092932107A00B9F35C /* Sit */ = {
			isa = XCBuildConfiguration;
			baseConfigurationReference = B458995124593AC102A6D6E2 /* Pods-SamplesApp-SamplesAppUITests.sit.xcconfig */;
			buildSettings = {
				ALWAYS_EMBED_SWIFT_STANDARD_LIBRARIES = YES;
				CODE_SIGN_STYLE = Automatic;
				CURRENT_PROJECT_VERSION = 1;
				GENERATE_INFOPLIST_FILE = YES;
				MARKETING_VERSION = 1.0;
				PRODUCT_BUNDLE_IDENTIFIER = com.renjun.photoall.SamplesAppUITests;
				PRODUCT_NAME = "$(TARGET_NAME)";
				SWIFT_EMIT_LOC_STRINGS = NO;
				SWIFT_VERSION = 5.0;
				TARGETED_DEVICE_FAMILY = "1,2";
				TEST_TARGET_NAME = SamplesApp;
			};
			name = Sit;
		};
		F890F30A2932108500B9F35C /* Uat */ = {
			isa = XCBuildConfiguration;
			buildSettings = {
				ALWAYS_SEARCH_USER_PATHS = NO;
				CLANG_ANALYZER_NONNULL = YES;
				CLANG_ANALYZER_NUMBER_OBJECT_CONVERSION = YES_AGGRESSIVE;
				CLANG_CXX_LANGUAGE_STANDARD = "gnu++20";
				CLANG_ENABLE_MODULES = YES;
				CLANG_ENABLE_OBJC_ARC = YES;
				CLANG_ENABLE_OBJC_WEAK = YES;
				CLANG_WARN_BLOCK_CAPTURE_AUTORELEASING = YES;
				CLANG_WARN_BOOL_CONVERSION = YES;
				CLANG_WARN_COMMA = YES;
				CLANG_WARN_CONSTANT_CONVERSION = YES;
				CLANG_WARN_DEPRECATED_OBJC_IMPLEMENTATIONS = YES;
				CLANG_WARN_DIRECT_OBJC_ISA_USAGE = YES_ERROR;
				CLANG_WARN_DOCUMENTATION_COMMENTS = YES;
				CLANG_WARN_EMPTY_BODY = YES;
				CLANG_WARN_ENUM_CONVERSION = YES;
				CLANG_WARN_INFINITE_RECURSION = YES;
				CLANG_WARN_INT_CONVERSION = YES;
				CLANG_WARN_NON_LITERAL_NULL_CONVERSION = YES;
				CLANG_WARN_OBJC_IMPLICIT_RETAIN_SELF = YES;
				CLANG_WARN_OBJC_LITERAL_CONVERSION = YES;
				CLANG_WARN_OBJC_ROOT_CLASS = YES_ERROR;
				CLANG_WARN_QUOTED_INCLUDE_IN_FRAMEWORK_HEADER = YES;
				CLANG_WARN_RANGE_LOOP_ANALYSIS = YES;
				CLANG_WARN_STRICT_PROTOTYPES = YES;
				CLANG_WARN_SUSPICIOUS_MOVE = YES;
				CLANG_WARN_UNGUARDED_AVAILABILITY = YES_AGGRESSIVE;
				CLANG_WARN_UNREACHABLE_CODE = YES;
				CLANG_WARN__DUPLICATE_METHOD_MATCH = YES;
				COPY_PHASE_STRIP = NO;
				DEBUG_INFORMATION_FORMAT = "dwarf-with-dsym";
				ENABLE_NS_ASSERTIONS = NO;
				ENABLE_STRICT_OBJC_MSGSEND = YES;
				GCC_C_LANGUAGE_STANDARD = gnu11;
				GCC_NO_COMMON_BLOCKS = YES;
				GCC_WARN_64_TO_32_BIT_CONVERSION = YES;
				GCC_WARN_ABOUT_RETURN_TYPE = YES_ERROR;
				GCC_WARN_UNDECLARED_SELECTOR = YES;
				GCC_WARN_UNINITIALIZED_AUTOS = YES_AGGRESSIVE;
				GCC_WARN_UNUSED_FUNCTION = YES;
				GCC_WARN_UNUSED_VARIABLE = YES;
				IPHONEOS_DEPLOYMENT_TARGET = 16.1;
				MTL_ENABLE_DEBUG_INFO = NO;
				MTL_FAST_MATH = YES;
				SDKROOT = iphoneos;
				SWIFT_COMPILATION_MODE = wholemodule;
				SWIFT_OPTIMIZATION_LEVEL = "-O";
				VALIDATE_PRODUCT = YES;
			};
			name = Uat;
		};
		F890F30B2932108500B9F35C /* Uat */ = {
			isa = XCBuildConfiguration;
			baseConfigurationReference = F890F30129320DF600B9F35C /* Uat.xcconfig */;
			buildSettings = {
				ASSETCATALOG_COMPILER_APPICON_NAME = AppIcon;
				ASSETCATALOG_COMPILER_GLOBAL_ACCENT_COLOR_NAME = AccentColor;
				CODE_SIGN_IDENTITY = "$(CODESIGNIDENTITY)";
				CODE_SIGN_STYLE = Manual;
				CURRENT_PROJECT_VERSION = 1;
				DEVELOPMENT_TEAM = "$(DEVELOPMENT_TEAM)";
				"DEVELOPMENT_TEAM[sdk=iphoneos*]" = "$(DEVELOPMENT_TEAM)";
				ENABLE_TESTABILITY = YES;
				GENERATE_INFOPLIST_FILE = YES;
				INFOPLIST_FILE = SamplesApp/Info.plist;
				INFOPLIST_KEY_CFBundleDisplayName = RenjunPhoto;
				INFOPLIST_KEY_UIApplicationSupportsIndirectInputEvents = YES;
				INFOPLIST_KEY_UILaunchStoryboardName = LaunchScreen;
				INFOPLIST_KEY_UIMainStoryboardFile = Main;
				INFOPLIST_KEY_UISupportedInterfaceOrientations_iPad = "UIInterfaceOrientationPortrait UIInterfaceOrientationPortraitUpsideDown UIInterfaceOrientationLandscapeLeft UIInterfaceOrientationLandscapeRight";
				INFOPLIST_KEY_UISupportedInterfaceOrientations_iPhone = "UIInterfaceOrientationPortrait UIInterfaceOrientationLandscapeLeft UIInterfaceOrientationLandscapeRight";
				LD_RUNPATH_SEARCH_PATHS = (
					"$(inherited)",
					"@executable_path/Frameworks",
				);
				MARKETING_VERSION = 1.0;
				PRODUCT_BUNDLE_IDENTIFIER = com.renjun.photo;
				PRODUCT_NAME = "$(TARGET_NAME)";
				"PROVISIONING_PROFILE_SPECIFIER[sdk=iphoneos*]" = "$(PROVISIONINGPROFILESPECIFIER)";
				SWIFT_EMIT_LOC_STRINGS = YES;
				SWIFT_VERSION = 5.0;
				TARGETED_DEVICE_FAMILY = "1,2";
			};
			name = Uat;
		};
		F890F30C2932108500B9F35C /* Uat */ = {
			isa = XCBuildConfiguration;
			baseConfigurationReference = B188B5D0B681F64C0EFBE82F /* Pods-SamplesAppTests.uat.xcconfig */;
			buildSettings = {
				ALWAYS_EMBED_SWIFT_STANDARD_LIBRARIES = YES;
				BUNDLE_LOADER = "$(TEST_HOST)";
				CODE_SIGN_STYLE = Automatic;
				CURRENT_PROJECT_VERSION = 1;
				GENERATE_INFOPLIST_FILE = YES;
				IPHONEOS_DEPLOYMENT_TARGET = 16.1;
				MARKETING_VERSION = 1.0;
				PRODUCT_BUNDLE_IDENTIFIER = com.renjun.photoall.SamplesAppTests;
				PRODUCT_NAME = "$(TARGET_NAME)";
				SWIFT_EMIT_LOC_STRINGS = NO;
				SWIFT_VERSION = 5.0;
				TARGETED_DEVICE_FAMILY = "1,2";
				TEST_HOST = "$(BUILT_PRODUCTS_DIR)/SamplesApp.app/$(BUNDLE_EXECUTABLE_FOLDER_PATH)/SamplesApp";
			};
			name = Uat;
		};
		F890F30D2932108500B9F35C /* Uat */ = {
			isa = XCBuildConfiguration;
			baseConfigurationReference = 56F1265A5EEDDF8B86CB432E /* Pods-SamplesApp-SamplesAppUITests.uat.xcconfig */;
			buildSettings = {
				ALWAYS_EMBED_SWIFT_STANDARD_LIBRARIES = YES;
				CODE_SIGN_STYLE = Automatic;
				CURRENT_PROJECT_VERSION = 1;
				GENERATE_INFOPLIST_FILE = YES;
				MARKETING_VERSION = 1.0;
				PRODUCT_BUNDLE_IDENTIFIER = com.renjun.photoall.SamplesAppUITests;
				PRODUCT_NAME = "$(TARGET_NAME)";
				SWIFT_EMIT_LOC_STRINGS = NO;
				SWIFT_VERSION = 5.0;
				TARGETED_DEVICE_FAMILY = "1,2";
				TEST_TARGET_NAME = SamplesApp;
			};
			name = Uat;
		};
		F890F30E2932108B00B9F35C /* Prod */ = {
			isa = XCBuildConfiguration;
			buildSettings = {
				ALWAYS_SEARCH_USER_PATHS = NO;
				CLANG_ANALYZER_NONNULL = YES;
				CLANG_ANALYZER_NUMBER_OBJECT_CONVERSION = YES_AGGRESSIVE;
				CLANG_CXX_LANGUAGE_STANDARD = "gnu++20";
				CLANG_ENABLE_MODULES = YES;
				CLANG_ENABLE_OBJC_ARC = YES;
				CLANG_ENABLE_OBJC_WEAK = YES;
				CLANG_WARN_BLOCK_CAPTURE_AUTORELEASING = YES;
				CLANG_WARN_BOOL_CONVERSION = YES;
				CLANG_WARN_COMMA = YES;
				CLANG_WARN_CONSTANT_CONVERSION = YES;
				CLANG_WARN_DEPRECATED_OBJC_IMPLEMENTATIONS = YES;
				CLANG_WARN_DIRECT_OBJC_ISA_USAGE = YES_ERROR;
				CLANG_WARN_DOCUMENTATION_COMMENTS = YES;
				CLANG_WARN_EMPTY_BODY = YES;
				CLANG_WARN_ENUM_CONVERSION = YES;
				CLANG_WARN_INFINITE_RECURSION = YES;
				CLANG_WARN_INT_CONVERSION = YES;
				CLANG_WARN_NON_LITERAL_NULL_CONVERSION = YES;
				CLANG_WARN_OBJC_IMPLICIT_RETAIN_SELF = YES;
				CLANG_WARN_OBJC_LITERAL_CONVERSION = YES;
				CLANG_WARN_OBJC_ROOT_CLASS = YES_ERROR;
				CLANG_WARN_QUOTED_INCLUDE_IN_FRAMEWORK_HEADER = YES;
				CLANG_WARN_RANGE_LOOP_ANALYSIS = YES;
				CLANG_WARN_STRICT_PROTOTYPES = YES;
				CLANG_WARN_SUSPICIOUS_MOVE = YES;
				CLANG_WARN_UNGUARDED_AVAILABILITY = YES_AGGRESSIVE;
				CLANG_WARN_UNREACHABLE_CODE = YES;
				CLANG_WARN__DUPLICATE_METHOD_MATCH = YES;
				COPY_PHASE_STRIP = NO;
				DEBUG_INFORMATION_FORMAT = "dwarf-with-dsym";
				ENABLE_NS_ASSERTIONS = NO;
				ENABLE_STRICT_OBJC_MSGSEND = YES;
				GCC_C_LANGUAGE_STANDARD = gnu11;
				GCC_NO_COMMON_BLOCKS = YES;
				GCC_WARN_64_TO_32_BIT_CONVERSION = YES;
				GCC_WARN_ABOUT_RETURN_TYPE = YES_ERROR;
				GCC_WARN_UNDECLARED_SELECTOR = YES;
				GCC_WARN_UNINITIALIZED_AUTOS = YES_AGGRESSIVE;
				GCC_WARN_UNUSED_FUNCTION = YES;
				GCC_WARN_UNUSED_VARIABLE = YES;
				IPHONEOS_DEPLOYMENT_TARGET = 16.1;
				MTL_ENABLE_DEBUG_INFO = NO;
				MTL_FAST_MATH = YES;
				SDKROOT = iphoneos;
				SWIFT_COMPILATION_MODE = wholemodule;
				SWIFT_OPTIMIZATION_LEVEL = "-O";
				VALIDATE_PRODUCT = YES;
			};
			name = Prod;
		};
		F890F30F2932108B00B9F35C /* Prod */ = {
			isa = XCBuildConfiguration;
			baseConfigurationReference = F890F30029320DD600B9F35C /* Prod.xcconfig */;
			buildSettings = {
				ASSETCATALOG_COMPILER_APPICON_NAME = AppIcon;
				ASSETCATALOG_COMPILER_GLOBAL_ACCENT_COLOR_NAME = AccentColor;
				CODE_SIGN_IDENTITY = "$(CODESIGNIDENTITY)";
				CODE_SIGN_STYLE = Manual;
				CURRENT_PROJECT_VERSION = 1;
				DEVELOPMENT_TEAM = "$(DEVELOPMENT_TEAM)";
				"DEVELOPMENT_TEAM[sdk=iphoneos*]" = "$(DEVELOPMENT_TEAM)";
				ENABLE_TESTABILITY = YES;
				GENERATE_INFOPLIST_FILE = YES;
				INFOPLIST_FILE = SamplesApp/Info.plist;
				INFOPLIST_KEY_CFBundleDisplayName = RenjunPhoto;
				INFOPLIST_KEY_UIApplicationSupportsIndirectInputEvents = YES;
				INFOPLIST_KEY_UILaunchStoryboardName = LaunchScreen;
				INFOPLIST_KEY_UIMainStoryboardFile = Main;
				INFOPLIST_KEY_UISupportedInterfaceOrientations_iPad = "UIInterfaceOrientationPortrait UIInterfaceOrientationPortraitUpsideDown UIInterfaceOrientationLandscapeLeft UIInterfaceOrientationLandscapeRight";
				INFOPLIST_KEY_UISupportedInterfaceOrientations_iPhone = "UIInterfaceOrientationPortrait UIInterfaceOrientationLandscapeLeft UIInterfaceOrientationLandscapeRight";
				LD_RUNPATH_SEARCH_PATHS = (
					"$(inherited)",
					"@executable_path/Frameworks",
				);
				MARKETING_VERSION = 1.0;
				PRODUCT_BUNDLE_IDENTIFIER = com.renjun.photo;
				PRODUCT_NAME = "$(TARGET_NAME)";
				"PROVISIONING_PROFILE_SPECIFIER[sdk=iphoneos*]" = "$(PROVISIONINGPROFILESPECIFIER)";
				SWIFT_EMIT_LOC_STRINGS = YES;
				SWIFT_VERSION = 5.0;
				TARGETED_DEVICE_FAMILY = "1,2";
			};
			name = Prod;
		};
		F890F3102932108B00B9F35C /* Prod */ = {
			isa = XCBuildConfiguration;
			baseConfigurationReference = 780782EC1DA2EBA8E21E57EF /* Pods-SamplesAppTests.prod.xcconfig */;
			buildSettings = {
				ALWAYS_EMBED_SWIFT_STANDARD_LIBRARIES = YES;
				BUNDLE_LOADER = "$(TEST_HOST)";
				CODE_SIGN_STYLE = Automatic;
				CURRENT_PROJECT_VERSION = 1;
				GENERATE_INFOPLIST_FILE = YES;
				IPHONEOS_DEPLOYMENT_TARGET = 16.1;
				MARKETING_VERSION = 1.0;
				PRODUCT_BUNDLE_IDENTIFIER = com.renjun.photoall.SamplesAppTests;
				PRODUCT_NAME = "$(TARGET_NAME)";
				SWIFT_EMIT_LOC_STRINGS = NO;
				SWIFT_VERSION = 5.0;
				TARGETED_DEVICE_FAMILY = "1,2";
				TEST_HOST = "$(BUILT_PRODUCTS_DIR)/SamplesApp.app/$(BUNDLE_EXECUTABLE_FOLDER_PATH)/SamplesApp";
			};
			name = Prod;
		};
		F890F3112932108B00B9F35C /* Prod */ = {
			isa = XCBuildConfiguration;
			baseConfigurationReference = 21F571DD221E6658E0AB1153 /* Pods-SamplesApp-SamplesAppUITests.prod.xcconfig */;
			buildSettings = {
				ALWAYS_EMBED_SWIFT_STANDARD_LIBRARIES = YES;
				CODE_SIGN_STYLE = Automatic;
				CURRENT_PROJECT_VERSION = 1;
				GENERATE_INFOPLIST_FILE = YES;
				MARKETING_VERSION = 1.0;
				PRODUCT_BUNDLE_IDENTIFIER = com.renjun.photoall.SamplesAppUITests;
				PRODUCT_NAME = "$(TARGET_NAME)";
				SWIFT_EMIT_LOC_STRINGS = NO;
				SWIFT_VERSION = 5.0;
				TARGETED_DEVICE_FAMILY = "1,2";
				TEST_TARGET_NAME = SamplesApp;
			};
			name = Prod;
		};
/* End XCBuildConfiguration section */

/* Begin XCConfigurationList section */
		F890F2C529320C7800B9F35C /* Build configuration list for PBXProject "SamplesApp" */ = {
			isa = XCConfigurationList;
			buildConfigurations = (
				F890F3062932107A00B9F35C /* Sit */,
				F890F30A2932108500B9F35C /* Uat */,
				F890F30E2932108B00B9F35C /* Prod */,
			);
			defaultConfigurationIsVisible = 0;
			defaultConfigurationName = Sit;
		};
		F890F2F429320C7B00B9F35C /* Build configuration list for PBXNativeTarget "SamplesApp" */ = {
			isa = XCConfigurationList;
			buildConfigurations = (
				F890F3072932107A00B9F35C /* Sit */,
				F890F30B2932108500B9F35C /* Uat */,
				F890F30F2932108B00B9F35C /* Prod */,
			);
			defaultConfigurationIsVisible = 0;
			defaultConfigurationName = Sit;
		};
		F890F2F729320C7B00B9F35C /* Build configuration list for PBXNativeTarget "SamplesAppTests" */ = {
			isa = XCConfigurationList;
			buildConfigurations = (
				F890F3082932107A00B9F35C /* Sit */,
				F890F30C2932108500B9F35C /* Uat */,
				F890F3102932108B00B9F35C /* Prod */,
			);
			defaultConfigurationIsVisible = 0;
			defaultConfigurationName = Sit;
		};
		F890F2FA29320C7B00B9F35C /* Build configuration list for PBXNativeTarget "SamplesAppUITests" */ = {
			isa = XCConfigurationList;
			buildConfigurations = (
				F890F3092932107A00B9F35C /* Sit */,
				F890F30D2932108500B9F35C /* Uat */,
				F890F3112932108B00B9F35C /* Prod */,
			);
			defaultConfigurationIsVisible = 0;
			defaultConfigurationName = Sit;
		};
/* End XCConfigurationList section */
	};
	rootObject = F890F2C229320C7800B9F35C /* Project object */;
}
